
Microsoft Visual Studio Solution File, Format Version 12.00
# Visual Studio Version 17
VisualStudioVersion = 17.9.34607.119
MinimumVisualStudioVersion = 10.0.40219.1
Project("{9A19103F-16F7-4668-BE54-9A1E7A4F7556}") = "JPC.RainfallApi", "JPC.RainfallApi\JPC.RainfallApi.csproj", "{CA3DF436-E796-4D4E-8D42-8D5BAD831CB1}"
EndProject
Project("{9A19103F-16F7-4668-BE54-9A1E7A4F7556}") = "JPC.Application.Shared", "JPC.Application.Shared\JPC.Application.Shared.csproj", "{C80EAFA8-AF94-4EB7-B901-10DA688FC100}"
EndProject
Project("{9A19103F-16F7-4668-BE54-9A1E7A4F7556}") = "JPC.Application", "JPC.Application\JPC.Application.csproj", "{57DC754B-0CAC-412C-BE18-6F0022D3C970}"
EndProject
Project("{FAE04EC0-301F-11D3-BF4B-00C04F79EFBC}") = "JPC.RainfallApi.Tests", "JPC.RainfallApi.Tests\JPC.RainfallApi.Tests.csproj", "{721765FB-7A95-4DA4-B202-1EF87BE5221E}"
EndProject
Global
	GlobalSection(SolutionConfigurationPlatforms) = preSolution
		Debug|Any CPU = Debug|Any CPU
		Release|Any CPU = Release|Any CPU
	EndGlobalSection
	GlobalSection(ProjectConfigurationPlatforms) = postSolution
		{CA3DF436-E796-4D4E-8D42-8D5BAD831CB1}.Debug|Any CPU.ActiveCfg = Debug|Any CPU
		{CA3DF436-E796-4D4E-8D42-8D5BAD831CB1}.Debug|Any CPU.Build.0 = Debug|Any CPU
		{CA3DF436-E796-4D4E-8D42-8D5BAD831CB1}.Release|Any CPU.ActiveCfg = Release|Any CPU
		{CA3DF436-E796-4D4E-8D42-8D5BAD831CB1}.Release|Any CPU.Build.0 = Release|Any CPU
		{C80EAFA8-AF94-4EB7-B901-10DA688FC100}.Debug|Any CPU.ActiveCfg = Debug|Any CPU
		{C80EAFA8-AF94-4EB7-B901-10DA688FC100}.Debug|Any CPU.Build.0 = Debug|Any CPU
		{C80EAFA8-AF94-4EB7-B901-10DA688FC100}.Release|Any CPU.ActiveCfg = Release|Any CPU
		{C80EAFA8-AF94-4EB7-B901-10DA688FC100}.Release|Any CPU.Build.0 = Release|Any CPU
		{57DC754B-0CAC-412C-BE18-6F0022D3C970}.Debug|Any CPU.ActiveCfg = Debug|Any CPU
		{57DC754B-0CAC-412C-BE18-6F0022D3C970}.Debug|Any CPU.Build.0 = Debug|Any CPU
		{57DC754B-0CAC-412C-BE18-6F0022D3C970}.Release|Any CPU.ActiveCfg = Release|Any CPU
		{57DC754B-0CAC-412C-BE18-6F0022D3C970}.Release|Any CPU.Build.0 = Release|Any CPU
		{721765FB-7A95-4DA4-B202-1EF87BE5221E}.Debug|Any CPU.ActiveCfg = Debug|Any CPU
		{721765FB-7A95-4DA4-B202-1EF87BE5221E}.Debug|Any CPU.Build.0 = Debug|Any CPU
		{721765FB-7A95-4DA4-B202-1EF87BE5221E}.Release|Any CPU.ActiveCfg = Release|Any CPU
		{721765FB-7A95-4DA4-B202-1EF87BE5221E}.Release|Any CPU.Build.0 = Release|Any CPU
	EndGlobalSection
	GlobalSection(SolutionProperties) = preSolution
		HideSolutionNode = FALSE
	EndGlobalSection
	GlobalSection(ExtensibilityGlobals) = postSolution
		SolutionGuid = {9F7897A8-D201-46EA-A551-F7AFB3C214A4}
	EndGlobalSection
EndGlobal
